
Microsoft Visual Studio Solution File, Format Version 12.00
# Visual Studio Version 17
VisualStudioVersion = 17.14.36301.6
MinimumVisualStudioVersion = 10.0.40219.1
Project("{FAE04EC0-301F-11D3-BF4B-00C04F79EFBC}") = "Assignments.Session3", "Assignments.Session3\Assignments.Session3.csproj", "{CC1F374C-F6DB-41C8-BD32-DE399DF09193}"
EndProject
Project("{FAE04EC0-301F-11D3-BF4B-00C04F79EFBC}") = "Assignments.Session4", "Assignments.Session4\Assignments.Session4.csproj", "{C17EDEE0-0928-4AB1-8BF5-1C5B59FE5210}"
EndProject
Global
	GlobalSection(SolutionConfigurationPlatforms) = preSolution
		Debug|Any CPU = Debug|Any CPU
		Release|Any CPU = Release|Any CPU
	EndGlobalSection
	GlobalSection(ProjectConfigurationPlatforms) = postSolution
		{CC1F374C-F6DB-41C8-BD32-DE399DF09193}.Debug|Any CPU.ActiveCfg = Debug|Any CPU
		{CC1F374C-F6DB-41C8-BD32-DE399DF09193}.Debug|Any CPU.Build.0 = Debug|Any CPU
		{CC1F374C-F6DB-41C8-BD32-DE399DF09193}.Release|Any CPU.ActiveCfg = Release|Any CPU
		{CC1F374C-F6DB-41C8-BD32-DE399DF09193}.Release|Any CPU.Build.0 = Release|Any CPU
		{C17EDEE0-0928-4AB1-8BF5-1C5B59FE5210}.Debug|Any CPU.ActiveCfg = Debug|Any CPU
		{C17EDEE0-0928-4AB1-8BF5-1C5B59FE5210}.Debug|Any CPU.Build.0 = Debug|Any CPU
		{C17EDEE0-0928-4AB1-8BF5-1C5B59FE5210}.Release|Any CPU.ActiveCfg = Release|Any CPU
		{C17EDEE0-0928-4AB1-8BF5-1C5B59FE5210}.Release|Any CPU.Build.0 = Release|Any CPU
	EndGlobalSection
	GlobalSection(SolutionProperties) = preSolution
		HideSolutionNode = FALSE
	EndGlobalSection
	GlobalSection(ExtensibilityGlobals) = postSolution
		SolutionGuid = {C0D9985C-A6E7-4B83-9EA0-7FEDA7DE84AA}
	EndGlobalSection
EndGlobal
