
Microsoft Visual Studio Solution File, Format Version 12.00
# Visual Studio Version 17
VisualStudioVersion = 17.14.36301.6
MinimumVisualStudioVersion = 10.0.40219.1
Project("{FAE04EC0-301F-11D3-BF4B-00C04F79EFBC}") = "Assignments.Session3", "Assignments.Session3\Assignments.Session3.csproj", "{CC1F374C-F6DB-41C8-BD32-DE399DF09193}"
EndProject
Project("{FAE04EC0-301F-11D3-BF4B-00C04F79EFBC}") = "Assignments.Session4", "Assignments.Session4\Assignments.Session4.csproj", "{C17EDEE0-0928-4AB1-8BF5-1C5B59FE5210}"
EndProject
Project("{FAE04EC0-301F-11D3-BF4B-00C04F79EFBC}") = "Assignments.Session6", "Assignments.Session6\Assignments.Session6.csproj", "{3B20E87F-7275-477B-82C5-445E55EA92D7}"
EndProject
Project("{FAE04EC0-301F-11D3-BF4B-00C04F79EFBC}") = "Assignments.OOP.Session1", "Assignments.OOP.Session1\Assignments.OOP.Session1.csproj", "{B7BB8AAA-D2FD-4E65-B89E-FCD6E7DDEEBB}"
EndProject
Project("{FAE04EC0-301F-11D3-BF4B-00C04F79EFBC}") = "Assignments.OOP.Session2", "Assignments.OOP.Session2\Assignments.OOP.Session2.csproj", "{B142F5E9-1AB0-43BD-AB51-E0B485A0A557}"
EndProject
Project("{FAE04EC0-301F-11D3-BF4B-00C04F79EFBC}") = "Assignments.OOP.Session3", "Assignments.OOP.Session3\Assignments.OOP.Session3.csproj", "{11FBC8E2-4945-4C51-B48B-3B7D1E30901B}"
EndProject
Project("{FAE04EC0-301F-11D3-BF4B-00C04F79EFBC}") = "Assignments.OOP.Session4", "Assignments.OOP.Session4\Assignments.OOP.Session4.csproj", "{9092DA24-4D42-4274-9E0F-DB37CB4DD675}"
EndProject
Project("{FAE04EC0-301F-11D3-BF4B-00C04F79EFBC}") = "Assignments.OOP.Session5", "Assignments.OOP.Session5\Assignments.OOP.Session5.csproj", "{285F579C-16DF-44F0-A809-44D18883A82A}"
EndProject
Project("{2150E333-8FDC-42A3-9474-1A3956D46DE8}") = "Assignments.OOP.Session6", "Assignments.OOP.Session6", "{02EA681E-C7D8-13C7-8484-4AC65E1B71E8}"
EndProject
Project("{2150E333-8FDC-42A3-9474-1A3956D46DE8}") = "project 1", "project 1", "{EE620B30-068F-4156-B752-E4E15BCF1D8D}"
EndProject
Project("{2150E333-8FDC-42A3-9474-1A3956D46DE8}") = "project 2", "project 2", "{EBE44310-5FCE-435C-9A94-FE146BCF66E3}"
EndProject
Project("{2150E333-8FDC-42A3-9474-1A3956D46DE8}") = "project 3", "project 3", "{E87EA72E-8039-43A9-8E49-C799F71A824C}"
EndProject
Project("{FAE04EC0-301F-11D3-BF4B-00C04F79EFBC}") = "project1", "project1\project1.csproj", "{95FF3E43-4E2C-4EEA-886A-BA2D05F3F69A}"
EndProject
Project("{FAE04EC0-301F-11D3-BF4B-00C04F79EFBC}") = "project2", "project2\project2.csproj", "{E6C73B66-B824-477F-B8B7-0179F6379D9D}"
EndProject
Project("{FAE04EC0-301F-11D3-BF4B-00C04F79EFBC}") = "project3", "project3\project3.csproj", "{47B4E164-A61C-455D-BAB7-BA3D4ED71C61}"
EndProject
Global
	GlobalSection(SolutionConfigurationPlatforms) = preSolution
		Debug|Any CPU = Debug|Any CPU
		Release|Any CPU = Release|Any CPU
	EndGlobalSection
	GlobalSection(ProjectConfigurationPlatforms) = postSolution
		{CC1F374C-F6DB-41C8-BD32-DE399DF09193}.Debug|Any CPU.ActiveCfg = Debug|Any CPU
		{CC1F374C-F6DB-41C8-BD32-DE399DF09193}.Debug|Any CPU.Build.0 = Debug|Any CPU
		{CC1F374C-F6DB-41C8-BD32-DE399DF09193}.Release|Any CPU.ActiveCfg = Release|Any CPU
		{CC1F374C-F6DB-41C8-BD32-DE399DF09193}.Release|Any CPU.Build.0 = Release|Any CPU
		{C17EDEE0-0928-4AB1-8BF5-1C5B59FE5210}.Debug|Any CPU.ActiveCfg = Debug|Any CPU
		{C17EDEE0-0928-4AB1-8BF5-1C5B59FE5210}.Debug|Any CPU.Build.0 = Debug|Any CPU
		{C17EDEE0-0928-4AB1-8BF5-1C5B59FE5210}.Release|Any CPU.ActiveCfg = Release|Any CPU
		{C17EDEE0-0928-4AB1-8BF5-1C5B59FE5210}.Release|Any CPU.Build.0 = Release|Any CPU
		{3B20E87F-7275-477B-82C5-445E55EA92D7}.Debug|Any CPU.ActiveCfg = Debug|Any CPU
		{3B20E87F-7275-477B-82C5-445E55EA92D7}.Debug|Any CPU.Build.0 = Debug|Any CPU
		{3B20E87F-7275-477B-82C5-445E55EA92D7}.Release|Any CPU.ActiveCfg = Release|Any CPU
		{3B20E87F-7275-477B-82C5-445E55EA92D7}.Release|Any CPU.Build.0 = Release|Any CPU
		{B7BB8AAA-D2FD-4E65-B89E-FCD6E7DDEEBB}.Debug|Any CPU.ActiveCfg = Debug|Any CPU
		{B7BB8AAA-D2FD-4E65-B89E-FCD6E7DDEEBB}.Debug|Any CPU.Build.0 = Debug|Any CPU
		{B7BB8AAA-D2FD-4E65-B89E-FCD6E7DDEEBB}.Release|Any CPU.ActiveCfg = Release|Any CPU
		{B7BB8AAA-D2FD-4E65-B89E-FCD6E7DDEEBB}.Release|Any CPU.Build.0 = Release|Any CPU
		{B142F5E9-1AB0-43BD-AB51-E0B485A0A557}.Debug|Any CPU.ActiveCfg = Debug|Any CPU
		{B142F5E9-1AB0-43BD-AB51-E0B485A0A557}.Debug|Any CPU.Build.0 = Debug|Any CPU
		{B142F5E9-1AB0-43BD-AB51-E0B485A0A557}.Release|Any CPU.ActiveCfg = Release|Any CPU
		{B142F5E9-1AB0-43BD-AB51-E0B485A0A557}.Release|Any CPU.Build.0 = Release|Any CPU
		{11FBC8E2-4945-4C51-B48B-3B7D1E30901B}.Debug|Any CPU.ActiveCfg = Debug|Any CPU
		{11FBC8E2-4945-4C51-B48B-3B7D1E30901B}.Debug|Any CPU.Build.0 = Debug|Any CPU
		{11FBC8E2-4945-4C51-B48B-3B7D1E30901B}.Release|Any CPU.ActiveCfg = Release|Any CPU
		{11FBC8E2-4945-4C51-B48B-3B7D1E30901B}.Release|Any CPU.Build.0 = Release|Any CPU
		{9092DA24-4D42-4274-9E0F-DB37CB4DD675}.Debug|Any CPU.ActiveCfg = Debug|Any CPU
		{9092DA24-4D42-4274-9E0F-DB37CB4DD675}.Debug|Any CPU.Build.0 = Debug|Any CPU
		{9092DA24-4D42-4274-9E0F-DB37CB4DD675}.Release|Any CPU.ActiveCfg = Release|Any CPU
		{9092DA24-4D42-4274-9E0F-DB37CB4DD675}.Release|Any CPU.Build.0 = Release|Any CPU
		{285F579C-16DF-44F0-A809-44D18883A82A}.Debug|Any CPU.ActiveCfg = Debug|Any CPU
		{285F579C-16DF-44F0-A809-44D18883A82A}.Debug|Any CPU.Build.0 = Debug|Any CPU
		{285F579C-16DF-44F0-A809-44D18883A82A}.Release|Any CPU.ActiveCfg = Release|Any CPU
		{285F579C-16DF-44F0-A809-44D18883A82A}.Release|Any CPU.Build.0 = Release|Any CPU
		{95FF3E43-4E2C-4EEA-886A-BA2D05F3F69A}.Debug|Any CPU.ActiveCfg = Debug|Any CPU
		{95FF3E43-4E2C-4EEA-886A-BA2D05F3F69A}.Debug|Any CPU.Build.0 = Debug|Any CPU
		{95FF3E43-4E2C-4EEA-886A-BA2D05F3F69A}.Release|Any CPU.ActiveCfg = Release|Any CPU
		{95FF3E43-4E2C-4EEA-886A-BA2D05F3F69A}.Release|Any CPU.Build.0 = Release|Any CPU
		{E6C73B66-B824-477F-B8B7-0179F6379D9D}.Debug|Any CPU.ActiveCfg = Debug|Any CPU
		{E6C73B66-B824-477F-B8B7-0179F6379D9D}.Debug|Any CPU.Build.0 = Debug|Any CPU
		{E6C73B66-B824-477F-B8B7-0179F6379D9D}.Release|Any CPU.ActiveCfg = Release|Any CPU
		{E6C73B66-B824-477F-B8B7-0179F6379D9D}.Release|Any CPU.Build.0 = Release|Any CPU
		{47B4E164-A61C-455D-BAB7-BA3D4ED71C61}.Debug|Any CPU.ActiveCfg = Debug|Any CPU
		{47B4E164-A61C-455D-BAB7-BA3D4ED71C61}.Debug|Any CPU.Build.0 = Debug|Any CPU
		{47B4E164-A61C-455D-BAB7-BA3D4ED71C61}.Release|Any CPU.ActiveCfg = Release|Any CPU
		{47B4E164-A61C-455D-BAB7-BA3D4ED71C61}.Release|Any CPU.Build.0 = Release|Any CPU
	EndGlobalSection
	GlobalSection(SolutionProperties) = preSolution
		HideSolutionNode = FALSE
	EndGlobalSection
	GlobalSection(NestedProjects) = preSolution
		{EE620B30-068F-4156-B752-E4E15BCF1D8D} = {02EA681E-C7D8-13C7-8484-4AC65E1B71E8}
		{EBE44310-5FCE-435C-9A94-FE146BCF66E3} = {02EA681E-C7D8-13C7-8484-4AC65E1B71E8}
		{E87EA72E-8039-43A9-8E49-C799F71A824C} = {02EA681E-C7D8-13C7-8484-4AC65E1B71E8}
		{95FF3E43-4E2C-4EEA-886A-BA2D05F3F69A} = {EE620B30-068F-4156-B752-E4E15BCF1D8D}
		{E6C73B66-B824-477F-B8B7-0179F6379D9D} = {EBE44310-5FCE-435C-9A94-FE146BCF66E3}
		{47B4E164-A61C-455D-BAB7-BA3D4ED71C61} = {E87EA72E-8039-43A9-8E49-C799F71A824C}
	EndGlobalSection
	GlobalSection(ExtensibilityGlobals) = postSolution
		SolutionGuid = {C0D9985C-A6E7-4B83-9EA0-7FEDA7DE84AA}
	EndGlobalSection
EndGlobal
