
Microsoft Visual Studio Solution File, Format Version 12.00
# Visual Studio Version 17
VisualStudioVersion = 17.14.36301.6
MinimumVisualStudioVersion = 10.0.40219.1
Project("{FAE04EC0-301F-11D3-BF4B-00C04F79EFBC}") = "Assignments.Session3", "Assignments.Session3\Assignments.Session3.csproj", "{CC1F374C-F6DB-41C8-BD32-DE399DF09193}"
EndProject
Project("{FAE04EC0-301F-11D3-BF4B-00C04F79EFBC}") = "Assignments.Session4", "Assignments.Session4\Assignments.Session4.csproj", "{C17EDEE0-0928-4AB1-8BF5-1C5B59FE5210}"
EndProject
Project("{FAE04EC0-301F-11D3-BF4B-00C04F79EFBC}") = "Assignments.Session6", "Assignments.Session6\Assignments.Session6.csproj", "{3B20E87F-7275-477B-82C5-445E55EA92D7}"
EndProject
Project("{FAE04EC0-301F-11D3-BF4B-00C04F79EFBC}") = "Assignments.OOP.Session1", "Assignments.OOP.Session1\Assignments.OOP.Session1.csproj", "{B7BB8AAA-D2FD-4E65-B89E-FCD6E7DDEEBB}"
EndProject
Project("{FAE04EC0-301F-11D3-BF4B-00C04F79EFBC}") = "Assignments.OOP.Session2", "Assignments.OOP.Session2\Assignments.OOP.Session2.csproj", "{B142F5E9-1AB0-43BD-AB51-E0B485A0A557}"
EndProject
Global
	GlobalSection(SolutionConfigurationPlatforms) = preSolution
		Debug|Any CPU = Debug|Any CPU
		Release|Any CPU = Release|Any CPU
	EndGlobalSection
	GlobalSection(ProjectConfigurationPlatforms) = postSolution
		{CC1F374C-F6DB-41C8-BD32-DE399DF09193}.Debug|Any CPU.ActiveCfg = Debug|Any CPU
		{CC1F374C-F6DB-41C8-BD32-DE399DF09193}.Debug|Any CPU.Build.0 = Debug|Any CPU
		{CC1F374C-F6DB-41C8-BD32-DE399DF09193}.Release|Any CPU.ActiveCfg = Release|Any CPU
		{CC1F374C-F6DB-41C8-BD32-DE399DF09193}.Release|Any CPU.Build.0 = Release|Any CPU
		{C17EDEE0-0928-4AB1-8BF5-1C5B59FE5210}.Debug|Any CPU.ActiveCfg = Debug|Any CPU
		{C17EDEE0-0928-4AB1-8BF5-1C5B59FE5210}.Debug|Any CPU.Build.0 = Debug|Any CPU
		{C17EDEE0-0928-4AB1-8BF5-1C5B59FE5210}.Release|Any CPU.ActiveCfg = Release|Any CPU
		{C17EDEE0-0928-4AB1-8BF5-1C5B59FE5210}.Release|Any CPU.Build.0 = Release|Any CPU
		{3B20E87F-7275-477B-82C5-445E55EA92D7}.Debug|Any CPU.ActiveCfg = Debug|Any CPU
		{3B20E87F-7275-477B-82C5-445E55EA92D7}.Debug|Any CPU.Build.0 = Debug|Any CPU
		{3B20E87F-7275-477B-82C5-445E55EA92D7}.Release|Any CPU.ActiveCfg = Release|Any CPU
		{3B20E87F-7275-477B-82C5-445E55EA92D7}.Release|Any CPU.Build.0 = Release|Any CPU
		{B7BB8AAA-D2FD-4E65-B89E-FCD6E7DDEEBB}.Debug|Any CPU.ActiveCfg = Debug|Any CPU
		{B7BB8AAA-D2FD-4E65-B89E-FCD6E7DDEEBB}.Debug|Any CPU.Build.0 = Debug|Any CPU
		{B7BB8AAA-D2FD-4E65-B89E-FCD6E7DDEEBB}.Release|Any CPU.ActiveCfg = Release|Any CPU
		{B7BB8AAA-D2FD-4E65-B89E-FCD6E7DDEEBB}.Release|Any CPU.Build.0 = Release|Any CPU
		{B142F5E9-1AB0-43BD-AB51-E0B485A0A557}.Debug|Any CPU.ActiveCfg = Debug|Any CPU
		{B142F5E9-1AB0-43BD-AB51-E0B485A0A557}.Debug|Any CPU.Build.0 = Debug|Any CPU
		{B142F5E9-1AB0-43BD-AB51-E0B485A0A557}.Release|Any CPU.ActiveCfg = Release|Any CPU
		{B142F5E9-1AB0-43BD-AB51-E0B485A0A557}.Release|Any CPU.Build.0 = Release|Any CPU
	EndGlobalSection
	GlobalSection(SolutionProperties) = preSolution
		HideSolutionNode = FALSE
	EndGlobalSection
	GlobalSection(ExtensibilityGlobals) = postSolution
		SolutionGuid = {C0D9985C-A6E7-4B83-9EA0-7FEDA7DE84AA}
	EndGlobalSection
EndGlobal
